
Microsoft Visual Studio Solution File, Format Version 12.00
# Visual Studio Version 17
VisualStudioVersion = 17.8.34330.188
MinimumVisualStudioVersion = 10.0.40219.1
Project("{FAE04EC0-301F-11D3-BF4B-00C04F79EFBC}") = "ComplexNumberExample", "ComplexNumberExample\ComplexNumberExample.csproj", "{7CAB36AB-E72E-429E-87CB-A314EA29577F}"
EndProject
Global
	GlobalSection(SolutionConfigurationPlatforms) = preSolution
		Debug|Any CPU = Debug|Any CPU
		Release|Any CPU = Release|Any CPU
	EndGlobalSection
	GlobalSection(ProjectConfigurationPlatforms) = postSolution
		{7CAB36AB-E72E-429E-87CB-A314EA29577F}.Debug|Any CPU.ActiveCfg = Debug|Any CPU
		{7CAB36AB-E72E-429E-87CB-A314EA29577F}.Debug|Any CPU.Build.0 = Debug|Any CPU
		{7CAB36AB-E72E-429E-87CB-A314EA29577F}.Release|Any CPU.ActiveCfg = Release|Any CPU
		{7CAB36AB-E72E-429E-87CB-A314EA29577F}.Release|Any CPU.Build.0 = Release|Any CPU
	EndGlobalSection
	GlobalSection(SolutionProperties) = preSolution
		HideSolutionNode = FALSE
	EndGlobalSection
	GlobalSection(ExtensibilityGlobals) = postSolution
		SolutionGuid = {4B3ED0A0-6581-4B72-80DE-281DD01D686D}
	EndGlobalSection
EndGlobal
