
Microsoft Visual Studio Solution File, Format Version 12.00
# Visual Studio Version 17
VisualStudioVersion = 17.8.34330.188
MinimumVisualStudioVersion = 10.0.40219.1
Project("{FAE04EC0-301F-11D3-BF4B-00C04F79EFBC}") = "BasicOverloading", "BasicOverloading\BasicOverloading.csproj", "{07E9A109-8921-4C08-A7E7-D36DD856622F}"
EndProject
Global
	GlobalSection(SolutionConfigurationPlatforms) = preSolution
		Debug|Any CPU = Debug|Any CPU
		Release|Any CPU = Release|Any CPU
	EndGlobalSection
	GlobalSection(ProjectConfigurationPlatforms) = postSolution
		{07E9A109-8921-4C08-A7E7-D36DD856622F}.Debug|Any CPU.ActiveCfg = Debug|Any CPU
		{07E9A109-8921-4C08-A7E7-D36DD856622F}.Debug|Any CPU.Build.0 = Debug|Any CPU
		{07E9A109-8921-4C08-A7E7-D36DD856622F}.Release|Any CPU.ActiveCfg = Release|Any CPU
		{07E9A109-8921-4C08-A7E7-D36DD856622F}.Release|Any CPU.Build.0 = Release|Any CPU
	EndGlobalSection
	GlobalSection(SolutionProperties) = preSolution
		HideSolutionNode = FALSE
	EndGlobalSection
	GlobalSection(ExtensibilityGlobals) = postSolution
		SolutionGuid = {3E193F8E-D0AA-42B4-9FFF-BEC645E1DFD3}
	EndGlobalSection
EndGlobal
