
Microsoft Visual Studio Solution File, Format Version 12.00
# Visual Studio Version 17
VisualStudioVersion = 17.8.34330.188
MinimumVisualStudioVersion = 10.0.40219.1
Project("{FAE04EC0-301F-11D3-BF4B-00C04F79EFBC}") = "BasicExample", "BasicExample\BasicExample.csproj", "{56EE5120-3942-4776-87C4-3DE5279B667F}"
EndProject
Global
	GlobalSection(SolutionConfigurationPlatforms) = preSolution
		Debug|Any CPU = Debug|Any CPU
		Release|Any CPU = Release|Any CPU
	EndGlobalSection
	GlobalSection(ProjectConfigurationPlatforms) = postSolution
		{56EE5120-3942-4776-87C4-3DE5279B667F}.Debug|Any CPU.ActiveCfg = Debug|Any CPU
		{56EE5120-3942-4776-87C4-3DE5279B667F}.Debug|Any CPU.Build.0 = Debug|Any CPU
		{56EE5120-3942-4776-87C4-3DE5279B667F}.Release|Any CPU.ActiveCfg = Release|Any CPU
		{56EE5120-3942-4776-87C4-3DE5279B667F}.Release|Any CPU.Build.0 = Release|Any CPU
	EndGlobalSection
	GlobalSection(SolutionProperties) = preSolution
		HideSolutionNode = FALSE
	EndGlobalSection
	GlobalSection(ExtensibilityGlobals) = postSolution
		SolutionGuid = {6F5C4DF5-0261-481A-BAC1-09F9EC7D879B}
	EndGlobalSection
EndGlobal
